
Microsoft Visual Studio Solution File, Format Version 12.00
# Visual Studio Version 17
VisualStudioVersion = 17.0.31903.59
MinimumVisualStudioVersion = 10.0.40219.1
Project("{FAE04EC0-301F-11D3-BF4B-00C04F79EFBC}") = "NeoSave.API", "NeoSave.API\NeoSave.API.csproj", "{EC47D75B-79DE-4661-A876-6C9BB104FC3F}"
EndProject
Project("{FAE04EC0-301F-11D3-BF4B-00C04F79EFBC}") = "NeoSave.Application", "NeoSave.Application\NeoSave.Application.csproj", "{0BB7ED93-1B4F-4D1D-817E-790C8D32EC08}"
EndProject
Project("{FAE04EC0-301F-11D3-BF4B-00C04F79EFBC}") = "NeoSave.Domain", "NeoSave.Domain\NeoSave.Domain.csproj", "{9480BA94-8A21-4C7F-9629-0AE7AD3E10A5}"
EndProject
Project("{FAE04EC0-301F-11D3-BF4B-00C04F79EFBC}") = "NeoSave.Infrastructure", "NeoSave.Infrastructure\NeoSave.Infrastructure.csproj", "{AFB97DA1-C9D4-499E-A0F2-EC7BDA02793D}"
EndProject
Global
	GlobalSection(SolutionConfigurationPlatforms) = preSolution
		Debug|Any CPU = Debug|Any CPU
		Debug|x64 = Debug|x64
		Debug|x86 = Debug|x86
		Release|Any CPU = Release|Any CPU
		Release|x64 = Release|x64
		Release|x86 = Release|x86
	EndGlobalSection
	GlobalSection(ProjectConfigurationPlatforms) = postSolution
		{EC47D75B-79DE-4661-A876-6C9BB104FC3F}.Debug|Any CPU.ActiveCfg = Debug|Any CPU
		{EC47D75B-79DE-4661-A876-6C9BB104FC3F}.Debug|Any CPU.Build.0 = Debug|Any CPU
		{EC47D75B-79DE-4661-A876-6C9BB104FC3F}.Debug|x64.ActiveCfg = Debug|Any CPU
		{EC47D75B-79DE-4661-A876-6C9BB104FC3F}.Debug|x64.Build.0 = Debug|Any CPU
		{EC47D75B-79DE-4661-A876-6C9BB104FC3F}.Debug|x86.ActiveCfg = Debug|Any CPU
		{EC47D75B-79DE-4661-A876-6C9BB104FC3F}.Debug|x86.Build.0 = Debug|Any CPU
		{EC47D75B-79DE-4661-A876-6C9BB104FC3F}.Release|Any CPU.ActiveCfg = Release|Any CPU
		{EC47D75B-79DE-4661-A876-6C9BB104FC3F}.Release|Any CPU.Build.0 = Release|Any CPU
		{EC47D75B-79DE-4661-A876-6C9BB104FC3F}.Release|x64.ActiveCfg = Release|Any CPU
		{EC47D75B-79DE-4661-A876-6C9BB104FC3F}.Release|x64.Build.0 = Release|Any CPU
		{EC47D75B-79DE-4661-A876-6C9BB104FC3F}.Release|x86.ActiveCfg = Release|Any CPU
		{EC47D75B-79DE-4661-A876-6C9BB104FC3F}.Release|x86.Build.0 = Release|Any CPU
		{0BB7ED93-1B4F-4D1D-817E-790C8D32EC08}.Debug|Any CPU.ActiveCfg = Debug|Any CPU
		{0BB7ED93-1B4F-4D1D-817E-790C8D32EC08}.Debug|Any CPU.Build.0 = Debug|Any CPU
		{0BB7ED93-1B4F-4D1D-817E-790C8D32EC08}.Debug|x64.ActiveCfg = Debug|Any CPU
		{0BB7ED93-1B4F-4D1D-817E-790C8D32EC08}.Debug|x64.Build.0 = Debug|Any CPU
		{0BB7ED93-1B4F-4D1D-817E-790C8D32EC08}.Debug|x86.ActiveCfg = Debug|Any CPU
		{0BB7ED93-1B4F-4D1D-817E-790C8D32EC08}.Debug|x86.Build.0 = Debug|Any CPU
		{0BB7ED93-1B4F-4D1D-817E-790C8D32EC08}.Release|Any CPU.ActiveCfg = Release|Any CPU
		{0BB7ED93-1B4F-4D1D-817E-790C8D32EC08}.Release|Any CPU.Build.0 = Release|Any CPU
		{0BB7ED93-1B4F-4D1D-817E-790C8D32EC08}.Release|x64.ActiveCfg = Release|Any CPU
		{0BB7ED93-1B4F-4D1D-817E-790C8D32EC08}.Release|x64.Build.0 = Release|Any CPU
		{0BB7ED93-1B4F-4D1D-817E-790C8D32EC08}.Release|x86.ActiveCfg = Release|Any CPU
		{0BB7ED93-1B4F-4D1D-817E-790C8D32EC08}.Release|x86.Build.0 = Release|Any CPU
		{9480BA94-8A21-4C7F-9629-0AE7AD3E10A5}.Debug|Any CPU.ActiveCfg = Debug|Any CPU
		{9480BA94-8A21-4C7F-9629-0AE7AD3E10A5}.Debug|Any CPU.Build.0 = Debug|Any CPU
		{9480BA94-8A21-4C7F-9629-0AE7AD3E10A5}.Debug|x64.ActiveCfg = Debug|Any CPU
		{9480BA94-8A21-4C7F-9629-0AE7AD3E10A5}.Debug|x64.Build.0 = Debug|Any CPU
		{9480BA94-8A21-4C7F-9629-0AE7AD3E10A5}.Debug|x86.ActiveCfg = Debug|Any CPU
		{9480BA94-8A21-4C7F-9629-0AE7AD3E10A5}.Debug|x86.Build.0 = Debug|Any CPU
		{9480BA94-8A21-4C7F-9629-0AE7AD3E10A5}.Release|Any CPU.ActiveCfg = Release|Any CPU
		{9480BA94-8A21-4C7F-9629-0AE7AD3E10A5}.Release|Any CPU.Build.0 = Release|Any CPU
		{9480BA94-8A21-4C7F-9629-0AE7AD3E10A5}.Release|x64.ActiveCfg = Release|Any CPU
		{9480BA94-8A21-4C7F-9629-0AE7AD3E10A5}.Release|x64.Build.0 = Release|Any CPU
		{9480BA94-8A21-4C7F-9629-0AE7AD3E10A5}.Release|x86.ActiveCfg = Release|Any CPU
		{9480BA94-8A21-4C7F-9629-0AE7AD3E10A5}.Release|x86.Build.0 = Release|Any CPU
		{AFB97DA1-C9D4-499E-A0F2-EC7BDA02793D}.Debug|Any CPU.ActiveCfg = Debug|Any CPU
		{AFB97DA1-C9D4-499E-A0F2-EC7BDA02793D}.Debug|Any CPU.Build.0 = Debug|Any CPU
		{AFB97DA1-C9D4-499E-A0F2-EC7BDA02793D}.Debug|x64.ActiveCfg = Debug|Any CPU
		{AFB97DA1-C9D4-499E-A0F2-EC7BDA02793D}.Debug|x64.Build.0 = Debug|Any CPU
		{AFB97DA1-C9D4-499E-A0F2-EC7BDA02793D}.Debug|x86.ActiveCfg = Debug|Any CPU
		{AFB97DA1-C9D4-499E-A0F2-EC7BDA02793D}.Debug|x86.Build.0 = Debug|Any CPU
		{AFB97DA1-C9D4-499E-A0F2-EC7BDA02793D}.Release|Any CPU.ActiveCfg = Release|Any CPU
		{AFB97DA1-C9D4-499E-A0F2-EC7BDA02793D}.Release|Any CPU.Build.0 = Release|Any CPU
		{AFB97DA1-C9D4-499E-A0F2-EC7BDA02793D}.Release|x64.ActiveCfg = Release|Any CPU
		{AFB97DA1-C9D4-499E-A0F2-EC7BDA02793D}.Release|x64.Build.0 = Release|Any CPU
		{AFB97DA1-C9D4-499E-A0F2-EC7BDA02793D}.Release|x86.ActiveCfg = Release|Any CPU
		{AFB97DA1-C9D4-499E-A0F2-EC7BDA02793D}.Release|x86.Build.0 = Release|Any CPU
	EndGlobalSection
	GlobalSection(SolutionProperties) = preSolution
		HideSolutionNode = FALSE
	EndGlobalSection
EndGlobal
