Microsoft Visual Studio Solution File, Format Version 12.00
# Visual Studio Version 17
VisualStudioVersion = 17.5.2.0
MinimumVisualStudioVersion = 10.0.40219.1
Project("{FAE04EC0-301F-11D3-BF4B-00C04F79EFBC}") = "NeoSave.API", "NeoSave.API.csproj", "{DF4CB37D-A920-4A3B-F215-3570D77DB40D}"
EndProject
Global
	GlobalSection(SolutionConfigurationPlatforms) = preSolution
		Debug|Any CPU = Debug|Any CPU
		Release|Any CPU = Release|Any CPU
	EndGlobalSection
	GlobalSection(ProjectConfigurationPlatforms) = postSolution
		{DF4CB37D-A920-4A3B-F215-3570D77DB40D}.Debug|Any CPU.ActiveCfg = Debug|Any CPU
		{DF4CB37D-A920-4A3B-F215-3570D77DB40D}.Debug|Any CPU.Build.0 = Debug|Any CPU
		{DF4CB37D-A920-4A3B-F215-3570D77DB40D}.Release|Any CPU.ActiveCfg = Release|Any CPU
		{DF4CB37D-A920-4A3B-F215-3570D77DB40D}.Release|Any CPU.Build.0 = Release|Any CPU
	EndGlobalSection
	GlobalSection(SolutionProperties) = preSolution
		HideSolutionNode = FALSE
	EndGlobalSection
	GlobalSection(ExtensibilityGlobals) = postSolution
		SolutionGuid = {23B1C959-EDEC-43A0-8892-1DA17589A3CB}
	EndGlobalSection
EndGlobal
